
Microsoft Visual Studio Solution File, Format Version 12.00
# Visual Studio Version 17
VisualStudioVersion = 17.9.34622.214
MinimumVisualStudioVersion = 10.0.40219.1
Project("{FAE04EC0-301F-11D3-BF4B-00C04F79EFBC}") = "OnlineBillingSystem", "OnlineBillingSystem\OnlineBillingSystem.csproj", "{89B2699B-82EE-4B7B-A22D-849F05A62D71}"
EndProject
Global
	GlobalSection(SolutionConfigurationPlatforms) = preSolution
		Debug|Any CPU = Debug|Any CPU
		Release|Any CPU = Release|Any CPU
	EndGlobalSection
	GlobalSection(ProjectConfigurationPlatforms) = postSolution
		{89B2699B-82EE-4B7B-A22D-849F05A62D71}.Debug|Any CPU.ActiveCfg = Debug|Any CPU
		{89B2699B-82EE-4B7B-A22D-849F05A62D71}.Debug|Any CPU.Build.0 = Debug|Any CPU
		{89B2699B-82EE-4B7B-A22D-849F05A62D71}.Release|Any CPU.ActiveCfg = Release|Any CPU
		{89B2699B-82EE-4B7B-A22D-849F05A62D71}.Release|Any CPU.Build.0 = Release|Any CPU
	EndGlobalSection
	GlobalSection(SolutionProperties) = preSolution
		HideSolutionNode = FALSE
	EndGlobalSection
	GlobalSection(ExtensibilityGlobals) = postSolution
		SolutionGuid = {2450180B-0534-4DAB-9377-BD6B869AAF4D}
	EndGlobalSection
EndGlobal
